# THIS IS AN AUTOGENERATED FILE. DO NOT EDIT THIS FILE DIRECTLY.
# yarn lockfile v1


async-validator@^3.0.4:
  version "3.0.4"
  resolved "https://registry.yarnpkg.com/async-validator/-/async-validator-3.0.4.tgz#515c55bafee40b1366f477a79fe678753c8828e3"
  integrity sha512-CIKCZ3wyJWpxN8VMGXAjD1FqZ5FnB/asHMsLM8DvFlBxgJIb88MZJc5dg4Q4P91jI9iq+YBncUhy1/SKNNTPuQ==

bootstrap@^4.3.1:
  version "4.3.1"
  resolved "https://registry.yarnpkg.com/bootstrap/-/bootstrap-4.3.1.tgz#280ca8f610504d99d7b6b4bfc4b68cec601704ac"
  integrity sha512-rXqOmH1VilAt2DyPzluTi2blhk17bO7ef+zLLPlWvG494pDxcM234pJ8wTc/6R40UWizAIIMgxjvxZg5kmsbag==

jquery@^3.5.0:
  version "3.5.0"
  resolved "https://registry.yarnpkg.com/jquery/-/jquery-3.5.0.tgz#9980b97d9e4194611c36530e7dc46a58d7340fc9"
  integrity sha512-Xb7SVYMvygPxbFMpTFQiHh1J7HClEaThguL15N/Gg37Lri/qKyhRGZYzHRyLH8Stq3Aow0LsHO2O2ci86fCrNQ==

lodash@^4.17.15:
  version "4.17.15"
  resolved "https://registry.yarnpkg.com/lodash/-/lodash-4.17.15.tgz#b447f6670a0455bbfeedd11392eff330ea097548"
  integrity sha512-8xOcRHvCjnocdS5cpwXQXVzmmh5e5+saE2QGoeQmbKmRS6J3VQppPOIt0MnmE+4xlZoumy0GPG0D0MVIQbNA1A==

vue@^2.6.10:
  version "2.6.10"
  resolved "https://registry.yarnpkg.com/vue/-/vue-2.6.10.tgz#a72b1a42a4d82a721ea438d1b6bf55e66195c637"
  integrity sha512-ImThpeNU9HbdZL3utgMCq0oiMzAkt1mcgy3/E6zWC/G6AaQoeuFdsl9nDhTDU3X1R6FK7nsIUuRACVcjI+A2GQ==
